
Microsoft Visual Studio Solution File, Format Version 12.00
# Visual Studio Version 17
VisualStudioVersion = 17.11.35327.3
MinimumVisualStudioVersion = 10.0.40219.1
Project("{FAE04EC0-301F-11D3-BF4B-00C04F79EFBC}") = "K22CNTT3_NguyenVanHuynh_Project2", "K22CNTT3_NguyenVanHuynh_Project2\K22CNTT3_NguyenVanHuynh_Project2.csproj", "{7D4EC971-BE0F-467C-81B8-3F80A82B30A4}"
EndProject
Global
	GlobalSection(SolutionConfigurationPlatforms) = preSolution
		Debug|Any CPU = Debug|Any CPU
		Release|Any CPU = Release|Any CPU
	EndGlobalSection
	GlobalSection(ProjectConfigurationPlatforms) = postSolution
		{7D4EC971-BE0F-467C-81B8-3F80A82B30A4}.Debug|Any CPU.ActiveCfg = Debug|Any CPU
		{7D4EC971-BE0F-467C-81B8-3F80A82B30A4}.Debug|Any CPU.Build.0 = Debug|Any CPU
		{7D4EC971-BE0F-467C-81B8-3F80A82B30A4}.Release|Any CPU.ActiveCfg = Release|Any CPU
		{7D4EC971-BE0F-467C-81B8-3F80A82B30A4}.Release|Any CPU.Build.0 = Release|Any CPU
	EndGlobalSection
	GlobalSection(SolutionProperties) = preSolution
		HideSolutionNode = FALSE
	EndGlobalSection
	GlobalSection(ExtensibilityGlobals) = postSolution
		SolutionGuid = {539F685A-2837-4FE4-9923-1B640E4C749D}
	EndGlobalSection
EndGlobal
